// !$*UTF8*$!
{
	archiveVersion = 1;
	classes = {
	};
	objectVersion = 42;
	objects = {

/* Begin PBXFileReference section */
		6F1570C811945030002B8DE0 /* main.cpp */ = {isa = PBXFileReference; fileEncoding = 4; lastKnownFileType = sourcecode.cpp.cpp; path = main.cpp; sourceTree = "<group>"; };
		6F1570C911945030002B8DE0 /* Makefile */ = {isa = PBXFileReference; fileEncoding = 4; lastKnownFileType = sourcecode.make; path = Makefile; sourceTree = "<group>"; };
		6F16BFDB1195C40A00C7AA5C /* buffer.cpp */ = {isa = PBXFileReference; fileEncoding = 4; lastKnownFileType = sourcecode.cpp.cpp; path = buffer.cpp; sourceTree = "<group>"; };
		6F16BFDC1195C40A00C7AA5C /* buffer.h */ = {isa = PBXFileReference; fileEncoding = 4; lastKnownFileType = sourcecode.c.h; path = buffer.h; sourceTree = "<group>"; };
		6F16BFDD1195C40A00C7AA5C /* debug.cpp */ = {isa = PBXFileReference; fileEncoding = 4; lastKnownFileType = sourcecode.cpp.cpp; path = debug.cpp; sourceTree = "<group>"; };
		6F16BFDE1195C40A00C7AA5C /* usart.cpp */ = {isa = PBXFileReference; fileEncoding = 4; lastKnownFileType = sourcecode.cpp.cpp; path = usart.cpp; sourceTree = "<group>"; };
		6F16BFDF1195C40A00C7AA5C /* dist.cpp */ = {isa = PBXFileReference; fileEncoding = 4; lastKnownFileType = sourcecode.cpp.cpp; path = dist.cpp; sourceTree = "<group>"; };
		6F16BFE01195C40A00C7AA5C /* engine.cpp */ = {isa = PBXFileReference; fileEncoding = 4; lastKnownFileType = sourcecode.cpp.cpp; path = engine.cpp; sourceTree = "<group>"; };
		6F16BFE11195C40A00C7AA5C /* ground.cpp */ = {isa = PBXFileReference; fileEncoding = 4; lastKnownFileType = sourcecode.cpp.cpp; path = ground.cpp; sourceTree = "<group>"; };
		6F16BFE21195C40A00C7AA5C /* queue.cpp */ = {isa = PBXFileReference; fileEncoding = 4; lastKnownFileType = sourcecode.cpp.cpp; path = queue.cpp; sourceTree = "<group>"; };
		6F16BFE31195C40A00C7AA5C /* queue.h */ = {isa = PBXFileReference; fileEncoding = 4; lastKnownFileType = sourcecode.c.h; path = queue.h; sourceTree = "<group>"; };
		6F16BFE41195C40A00C7AA5C /* sumo.h */ = {isa = PBXFileReference; fileEncoding = 4; lastKnownFileType = sourcecode.c.h; path = sumo.h; sourceTree = "<group>"; };
/* End PBXFileReference section */

/* Begin PBXGroup section */
		4079523B0CEA382200E202DC = {
			isa = PBXGroup;
			children = (
				6F1570CA11945034002B8DE0 /* Source */,
				6F546C1B1175EEB5002D05D4 /* Products */,
			);
			sourceTree = "<group>";
		};
		6F1570CA11945034002B8DE0 /* Source */ = {
			isa = PBXGroup;
			children = (
				6F16BFDA1195C40A00C7AA5C /* debug */,
				6F16BFDF1195C40A00C7AA5C /* dist.cpp */,
				6F16BFE01195C40A00C7AA5C /* engine.cpp */,
				6F16BFE11195C40A00C7AA5C /* ground.cpp */,
				6F16BFE21195C40A00C7AA5C /* queue.cpp */,
				6F16BFE31195C40A00C7AA5C /* queue.h */,
				6F16BFE41195C40A00C7AA5C /* sumo.h */,
				6F1570C811945030002B8DE0 /* main.cpp */,
				6F1570C911945030002B8DE0 /* Makefile */,
			);
			name = Source;
			sourceTree = "<group>";
		};
		6F16BFDA1195C40A00C7AA5C /* debug */ = {
			isa = PBXGroup;
			children = (
				6F16BFDB1195C40A00C7AA5C /* buffer.cpp */,
				6F16BFDC1195C40A00C7AA5C /* buffer.h */,
				6F16BFDD1195C40A00C7AA5C /* debug.cpp */,
				6F16BFDE1195C40A00C7AA5C /* usart.cpp */,
			);
			path = debug;
			sourceTree = "<group>";
		};
		6F546C1B1175EEB5002D05D4 /* Products */ = {
			isa = PBXGroup;
			children = (
			);
			name = Products;
			sourceTree = "<group>";
		};
/* End PBXGroup section */

/* Begin PBXLegacyTarget section */
		407952600CEA391500E202DC /* firmware */ = {
			isa = PBXLegacyTarget;
			buildArgumentsString = $ACTION;
			buildConfigurationList = 407952610CEA393300E202DC /* Build configuration list for PBXLegacyTarget "firmware" */;
			buildPhases = (
			);
			buildToolPath = /usr/bin/make;
			buildWorkingDirectory = "";
			dependencies = (
			);
			name = firmware;
			passBuildSettingsInEnvironment = 1;
			productName = "Build All";
		};
/* End PBXLegacyTarget section */

/* Begin PBXProject section */
		4079523D0CEA382200E202DC /* Project object */ = {
			isa = PBXProject;
			buildConfigurationList = 4079523E0CEA382200E202DC /* Build configuration list for PBXProject "main" */;
			compatibilityVersion = "Xcode 2.4";
			hasScannedForEncodings = 0;
			mainGroup = 4079523B0CEA382200E202DC;
			productRefGroup = 6F546C1B1175EEB5002D05D4 /* Products */;
			projectDirPath = "";
			projectRoot = "";
			targets = (
				407952600CEA391500E202DC /* firmware */,
			);
		};
/* End PBXProject section */

/* Begin XCBuildConfiguration section */
		407952400CEA382200E202DC /* Release */ = {
			isa = XCBuildConfiguration;
			buildSettings = {
				COPY_PHASE_STRIP = YES;
			};
			name = Release;
		};
		407952630CEA393300E202DC /* Release */ = {
			isa = XCBuildConfiguration;
			buildSettings = {
				PATH = "$(PATH):/usr/local/CrossPack-AVR/bin";
			};
			name = Release;
		};
/* End XCBuildConfiguration section */

/* Begin XCConfigurationList section */
		4079523E0CEA382200E202DC /* Build configuration list for PBXProject "main" */ = {
			isa = XCConfigurationList;
			buildConfigurations = (
				407952400CEA382200E202DC /* Release */,
			);
			defaultConfigurationIsVisible = 0;
			defaultConfigurationName = Release;
		};
		407952610CEA393300E202DC /* Build configuration list for PBXLegacyTarget "firmware" */ = {
			isa = XCConfigurationList;
			buildConfigurations = (
				407952630CEA393300E202DC /* Release */,
			);
			defaultConfigurationIsVisible = 0;
			defaultConfigurationName = Release;
		};
/* End XCConfigurationList section */
	};
	rootObject = 4079523D0CEA382200E202DC /* Project object */;
}
